
Microsoft Visual Studio Solution File, Format Version 12.00
# Visual Studio 15
VisualStudioVersion = 15.0.27703.2018
MinimumVisualStudioVersion = 10.0.40219.1
Project("{FAE04EC0-301F-11D3-BF4B-00C04F79EFBC}") = "Mercancia", "Mercancia\Mercancia.csproj", "{1E2E73C7-93D5-4707-BCB8-2F6C284EDB3F}"
EndProject
Global
	GlobalSection(SolutionConfigurationPlatforms) = preSolution
		Debug|Any CPU = Debug|Any CPU
		Release|Any CPU = Release|Any CPU
	EndGlobalSection
	GlobalSection(ProjectConfigurationPlatforms) = postSolution
		{1E2E73C7-93D5-4707-BCB8-2F6C284EDB3F}.Debug|Any CPU.ActiveCfg = Debug|Any CPU
		{1E2E73C7-93D5-4707-BCB8-2F6C284EDB3F}.Debug|Any CPU.Build.0 = Debug|Any CPU
		{1E2E73C7-93D5-4707-BCB8-2F6C284EDB3F}.Release|Any CPU.ActiveCfg = Release|Any CPU
		{1E2E73C7-93D5-4707-BCB8-2F6C284EDB3F}.Release|Any CPU.Build.0 = Release|Any CPU
	EndGlobalSection
	GlobalSection(SolutionProperties) = preSolution
		HideSolutionNode = FALSE
	EndGlobalSection
	GlobalSection(ExtensibilityGlobals) = postSolution
		SolutionGuid = {955C8952-6EAF-4F97-9E89-F0A69D48D33E}
	EndGlobalSection
EndGlobal
