
Microsoft Visual Studio Solution File, Format Version 12.00
# Visual Studio Version 16
VisualStudioVersion = 16.0.31019.35
MinimumVisualStudioVersion = 10.0.40219.1
Project("{FAE04EC0-301F-11D3-BF4B-00C04F79EFBC}") = "CapaDatos", "CapaDatos\CapaDatos.csproj", "{098B2054-9A3A-40DE-8205-8504250BE233}"
EndProject
Project("{FAE04EC0-301F-11D3-BF4B-00C04F79EFBC}") = "CapaNegocio", "CapaNegocio\CapaNegocio.csproj", "{8D868E8D-0CE7-4451-A62B-9332BCF75383}"
EndProject
Project("{FAE04EC0-301F-11D3-BF4B-00C04F79EFBC}") = "CapaPresentacion", "CapaPresentacion\CapaPresentacion.csproj", "{E3CDEE26-C73C-49A5-B051-D2846B666852}"
EndProject
Global
	GlobalSection(SolutionConfigurationPlatforms) = preSolution
		Debug|Any CPU = Debug|Any CPU
		Release|Any CPU = Release|Any CPU
	EndGlobalSection
	GlobalSection(ProjectConfigurationPlatforms) = postSolution
		{098B2054-9A3A-40DE-8205-8504250BE233}.Debug|Any CPU.ActiveCfg = Debug|Any CPU
		{098B2054-9A3A-40DE-8205-8504250BE233}.Debug|Any CPU.Build.0 = Debug|Any CPU
		{098B2054-9A3A-40DE-8205-8504250BE233}.Release|Any CPU.ActiveCfg = Release|Any CPU
		{098B2054-9A3A-40DE-8205-8504250BE233}.Release|Any CPU.Build.0 = Release|Any CPU
		{8D868E8D-0CE7-4451-A62B-9332BCF75383}.Debug|Any CPU.ActiveCfg = Debug|Any CPU
		{8D868E8D-0CE7-4451-A62B-9332BCF75383}.Debug|Any CPU.Build.0 = Debug|Any CPU
		{8D868E8D-0CE7-4451-A62B-9332BCF75383}.Release|Any CPU.ActiveCfg = Release|Any CPU
		{8D868E8D-0CE7-4451-A62B-9332BCF75383}.Release|Any CPU.Build.0 = Release|Any CPU
		{E3CDEE26-C73C-49A5-B051-D2846B666852}.Debug|Any CPU.ActiveCfg = Debug|Any CPU
		{E3CDEE26-C73C-49A5-B051-D2846B666852}.Debug|Any CPU.Build.0 = Debug|Any CPU
		{E3CDEE26-C73C-49A5-B051-D2846B666852}.Release|Any CPU.ActiveCfg = Release|Any CPU
		{E3CDEE26-C73C-49A5-B051-D2846B666852}.Release|Any CPU.Build.0 = Release|Any CPU
	EndGlobalSection
	GlobalSection(SolutionProperties) = preSolution
		HideSolutionNode = FALSE
	EndGlobalSection
	GlobalSection(ExtensibilityGlobals) = postSolution
		SolutionGuid = {DB0B0040-F88B-43D6-B923-118291B11943}
	EndGlobalSection
EndGlobal
